// !$*UTF8*$!
{
	archiveVersion = 1;
	classes = {
	};
	objectVersion = 46;
	objects = {

/* Begin PBXBuildFile section */
		3705F021214E44D6006041DA /* LoadingScene.swift in Sources */ = {isa = PBXBuildFile; fileRef = 3705F020214E44D6006041DA /* LoadingScene.swift */; };
		374286BF1EEFD63E001CFF2F /* Main.storyboard in Resources */ = {isa = PBXBuildFile; fileRef = 374286BD1EEFD63E001CFF2F /* Main.storyboard */; };
		374286C11EEFD63E001CFF2F /* Assets.xcassets in Resources */ = {isa = PBXBuildFile; fileRef = 374286C01EEFD63E001CFF2F /* Assets.xcassets */; };
		374286C41EEFD63E001CFF2F /* LaunchScreen.storyboard in Resources */ = {isa = PBXBuildFile; fileRef = 374286C21EEFD63E001CFF2F /* LaunchScreen.storyboard */; };
		374286CD1EEFD78C001CFF2F /* Credits.swift in Sources */ = {isa = PBXBuildFile; fileRef = 374286CC1EEFD78C001CFF2F /* Credits.swift */; };
		374286CF1EEFD7B0001CFF2F /* Credits.sks in Resources */ = {isa = PBXBuildFile; fileRef = 374286CE1EEFD7B0001CFF2F /* Credits.sks */; };
		374286D41EEFD834001CFF2F /* Settings.swift in Sources */ = {isa = PBXBuildFile; fileRef = 374286D31EEFD834001CFF2F /* Settings.swift */; };
		374286D61EEFD861001CFF2F /* Settings.sks in Resources */ = {isa = PBXBuildFile; fileRef = 374286D51EEFD861001CFF2F /* Settings.sks */; };
		374286D91EEFD8B4001CFF2F /* Utilities.swift in Sources */ = {isa = PBXBuildFile; fileRef = 374286D81EEFD8B4001CFF2F /* Utilities.swift */; };
		374286DC1EEFD8F9001CFF2F /* MainMenu.swift in Sources */ = {isa = PBXBuildFile; fileRef = 374286DB1EEFD8F9001CFF2F /* MainMenu.swift */; };
		374286DE1EEFD90D001CFF2F /* MainMenu.sks in Resources */ = {isa = PBXBuildFile; fileRef = 374286DD1EEFD90D001CFF2F /* MainMenu.sks */; };
		374287491EEFD986001CFF2F /* 08 Ascending.mp3 in Resources */ = {isa = PBXBuildFile; fileRef = 3742873E1EEFD986001CFF2F /* 08 Ascending.mp3 */; };
		3742874A1EEFD986001CFF2F /* 02 HHavok-main.mp3 in Resources */ = {isa = PBXBuildFile; fileRef = 3742873F1EEFD986001CFF2F /* 02 HHavok-main.mp3 */; };
		3742874B1EEFD986001CFF2F /* Prologue.mp3 in Resources */ = {isa = PBXBuildFile; fileRef = 374287401EEFD986001CFF2F /* Prologue.mp3 */; };
		3742874C1EEFD986001CFF2F /* 03 Chibi Ninja.mp3 in Resources */ = {isa = PBXBuildFile; fileRef = 374287411EEFD986001CFF2F /* 03 Chibi Ninja.mp3 */; };
		3742874D1EEFD986001CFF2F /* 01 A Night Of Dizzy Spells.mp3 in Resources */ = {isa = PBXBuildFile; fileRef = 374287421EEFD986001CFF2F /* 01 A Night Of Dizzy Spells.mp3 */; };
		3742874E1EEFD986001CFF2F /* 10 Arpanauts.mp3 in Resources */ = {isa = PBXBuildFile; fileRef = 374287431EEFD986001CFF2F /* 10 Arpanauts.mp3 */; };
		3742874F1EEFD986001CFF2F /* invaderkilled.wav in Resources */ = {isa = PBXBuildFile; fileRef = 374287441EEFD986001CFF2F /* invaderkilled.wav */; };
		374287501EEFD986001CFF2F /* shoot.wav in Resources */ = {isa = PBXBuildFile; fileRef = 374287451EEFD986001CFF2F /* shoot.wav */; };
		374287511EEFD986001CFF2F /* explosion.wav in Resources */ = {isa = PBXBuildFile; fileRef = 374287461EEFD986001CFF2F /* explosion.wav */; };
		374287531EEFD9C2001CFF2F /* AppDelegate.swift in Sources */ = {isa = PBXBuildFile; fileRef = 374287521EEFD9C2001CFF2F /* AppDelegate.swift */; };
		374287551EEFD9EF001CFF2F /*  GameViewController.swift in Sources */ = {isa = PBXBuildFile; fileRef = 374287541EEFD9EF001CFF2F /*  GameViewController.swift */; };
		3742875A1EEFF107001CFF2F /* GameScene.sks in Resources */ = {isa = PBXBuildFile; fileRef = 374287591EEFF107001CFF2F /* GameScene.sks */; };
		3742875C1EEFF11B001CFF2F /* GameScene.swift in Sources */ = {isa = PBXBuildFile; fileRef = 3742875B1EEFF11B001CFF2F /* GameScene.swift */; };
		374287611EEFF1E1001CFF2F /* SpaceInvadersClass.swift in Sources */ = {isa = PBXBuildFile; fileRef = 374287601EEFF1E1001CFF2F /* SpaceInvadersClass.swift */; };
		374287631EEFF216001CFF2F /* SpaceInvadersScene.sks in Resources */ = {isa = PBXBuildFile; fileRef = 374287621EEFF216001CFF2F /* SpaceInvadersScene.sks */; };
		374287661EEFF298001CFF2F /* BlockBreakerClass.swift in Sources */ = {isa = PBXBuildFile; fileRef = 374287651EEFF298001CFF2F /* BlockBreakerClass.swift */; };
		374287681EEFF2B5001CFF2F /* BlockBreakerScene.sks in Resources */ = {isa = PBXBuildFile; fileRef = 374287671EEFF2B5001CFF2F /* BlockBreakerScene.sks */; };
		3742876D1EEFF304001CFF2F /* NextLvlScene.sks in Resources */ = {isa = PBXBuildFile; fileRef = 3742876C1EEFF304001CFF2F /* NextLvlScene.sks */; };
		3742876F1EEFF31E001CFF2F /* NextLvlClass.swift in Sources */ = {isa = PBXBuildFile; fileRef = 3742876E1EEFF31E001CFF2F /* NextLvlClass.swift */; };
		374287721EEFF363001CFF2F /* BlockBreakerGameOver.sks in Resources */ = {isa = PBXBuildFile; fileRef = 374287711EEFF363001CFF2F /* BlockBreakerGameOver.sks */; };
		374287741EEFF375001CFF2F /* BlockBreakerGameOver.swift in Sources */ = {isa = PBXBuildFile; fileRef = 374287731EEFF375001CFF2F /* BlockBreakerGameOver.swift */; };
		374287771EEFF3B3001CFF2F /* Ball.swift in Sources */ = {isa = PBXBuildFile; fileRef = 374287761EEFF3B3001CFF2F /* Ball.swift */; };
		3742877A1EEFF875001CFF2F /* Player.swift in Sources */ = {isa = PBXBuildFile; fileRef = 374287791EEFF875001CFF2F /* Player.swift */; };
		3742877D1EEFF8B5001CFF2F /* Enemy.swift in Sources */ = {isa = PBXBuildFile; fileRef = 3742877C1EEFF8B5001CFF2F /* Enemy.swift */; };
		374287811EEFF90E001CFF2F /* PongScene.sks in Resources */ = {isa = PBXBuildFile; fileRef = 374287801EEFF90E001CFF2F /* PongScene.sks */; };
		374287831EEFF91E001CFF2F /* Pong.swift in Sources */ = {isa = PBXBuildFile; fileRef = 374287821EEFF91E001CFF2F /* Pong.swift */; };
		374287861EEFF959001CFF2F /* PongMultiSingleSel.sks in Resources */ = {isa = PBXBuildFile; fileRef = 374287851EEFF959001CFF2F /* PongMultiSingleSel.sks */; };
		374287881EEFF96D001CFF2F /* PongMultiSingleSel.swift in Sources */ = {isa = PBXBuildFile; fileRef = 374287871EEFF96D001CFF2F /* PongMultiSingleSel.swift */; };
		3742878B1EEFF99A001CFF2F /* EndGameLost.sks in Resources */ = {isa = PBXBuildFile; fileRef = 3742878A1EEFF99A001CFF2F /* EndGameLost.sks */; };
		3742878D1EEFF9BB001CFF2F /* EndGame.swift in Sources */ = {isa = PBXBuildFile; fileRef = 3742878C1EEFF9BB001CFF2F /* EndGame.swift */; };
		374287901EEFF9EA001CFF2F /* WinningScene.sks in Resources */ = {isa = PBXBuildFile; fileRef = 3742878F1EEFF9EA001CFF2F /* WinningScene.sks */; };
		374287921EEFFA00001CFF2F /* WinningScene.swift in Sources */ = {isa = PBXBuildFile; fileRef = 374287911EEFFA00001CFF2F /* WinningScene.swift */; };
		374287C71EF043E8001CFF2F /* LCDPHONE.TTF in Resources */ = {isa = PBXBuildFile; fileRef = 374287C61EF043E8001CFF2F /* LCDPHONE.TTF */; };
		375DE7D321A96C1500726665 /* GameCenterManager.swift in Sources */ = {isa = PBXBuildFile; fileRef = 375DE7D221A96C1500726665 /* GameCenterManager.swift */; };
		375DE7D521A96C3600726665 /* GameKit.framework in Frameworks */ = {isa = PBXBuildFile; fileRef = 375DE7D421A96C3600726665 /* GameKit.framework */; };
		377F081E21A9C9AB005D1302 /* GoogleService-Info.plist in Resources */ = {isa = PBXBuildFile; fileRef = 377F081D21A9C9AA005D1302 /* GoogleService-Info.plist */; };
		377F082021A9D512005D1302 /* AskForRatingManager.swift in Sources */ = {isa = PBXBuildFile; fileRef = 377F081F21A9D512005D1302 /* AskForRatingManager.swift */; };
		62D2D3A68AA2718574E97BF0 /* Pods_RetroGameCollection.framework in Frameworks */ = {isa = PBXBuildFile; fileRef = 7218E25DBA38C1F6190AFD5D /* Pods_RetroGameCollection.framework */; };
/* End PBXBuildFile section */

/* Begin PBXCopyFilesBuildPhase section */
		374287BB1EEFFAFB001CFF2F /* Embed Watch Content */ = {
			isa = PBXCopyFilesBuildPhase;
			buildActionMask = 2147483647;
			dstPath = "$(CONTENTS_FOLDER_PATH)/Watch";
			dstSubfolderSpec = 16;
			files = (
			);
			name = "Embed Watch Content";
			runOnlyForDeploymentPostprocessing = 0;
		};
/* End PBXCopyFilesBuildPhase section */

/* Begin PBXFileReference section */
		2D5EF6C39C62BE1E42B711C0 /* Pods-RetroGameCollection.debug.xcconfig */ = {isa = PBXFileReference; includeInIndex = 1; lastKnownFileType = text.xcconfig; name = "Pods-RetroGameCollection.debug.xcconfig"; path = "Pods/Target Support Files/Pods-RetroGameCollection/Pods-RetroGameCollection.debug.xcconfig"; sourceTree = "<group>"; };
		3705F020214E44D6006041DA /* LoadingScene.swift */ = {isa = PBXFileReference; lastKnownFileType = sourcecode.swift; path = LoadingScene.swift; sourceTree = "<group>"; };
		374286B01EEFD63E001CFF2F /* RetroGameCollection.app */ = {isa = PBXFileReference; explicitFileType = wrapper.application; includeInIndex = 0; path = RetroGameCollection.app; sourceTree = BUILT_PRODUCTS_DIR; };
		374286BE1EEFD63E001CFF2F /* Base */ = {isa = PBXFileReference; lastKnownFileType = file.storyboard; name = Base; path = Base.lproj/Main.storyboard; sourceTree = "<group>"; };
		374286C01EEFD63E001CFF2F /* Assets.xcassets */ = {isa = PBXFileReference; lastKnownFileType = folder.assetcatalog; path = Assets.xcassets; sourceTree = "<group>"; };
		374286C31EEFD63E001CFF2F /* Base */ = {isa = PBXFileReference; lastKnownFileType = file.storyboard; name = Base; path = Base.lproj/LaunchScreen.storyboard; sourceTree = "<group>"; };
		374286C51EEFD63E001CFF2F /* Info.plist */ = {isa = PBXFileReference; lastKnownFileType = text.plist.xml; path = Info.plist; sourceTree = "<group>"; };
		374286CC1EEFD78C001CFF2F /* Credits.swift */ = {isa = PBXFileReference; fileEncoding = 4; lastKnownFileType = sourcecode.swift; path = Credits.swift; sourceTree = "<group>"; };
		374286CE1EEFD7B0001CFF2F /* Credits.sks */ = {isa = PBXFileReference; lastKnownFileType = file.sks; path = Credits.sks; sourceTree = "<group>"; };
		374286D31EEFD834001CFF2F /* Settings.swift */ = {isa = PBXFileReference; fileEncoding = 4; lastKnownFileType = sourcecode.swift; path = Settings.swift; sourceTree = "<group>"; };
		374286D51EEFD861001CFF2F /* Settings.sks */ = {isa = PBXFileReference; lastKnownFileType = file.sks; path = Settings.sks; sourceTree = "<group>"; };
		374286D81EEFD8B4001CFF2F /* Utilities.swift */ = {isa = PBXFileReference; fileEncoding = 4; lastKnownFileType = sourcecode.swift; path = Utilities.swift; sourceTree = "<group>"; };
		374286DB1EEFD8F9001CFF2F /* MainMenu.swift */ = {isa = PBXFileReference; fileEncoding = 4; lastKnownFileType = sourcecode.swift; path = MainMenu.swift; sourceTree = "<group>"; };
		374286DD1EEFD90D001CFF2F /* MainMenu.sks */ = {isa = PBXFileReference; lastKnownFileType = file.sks; path = MainMenu.sks; sourceTree = "<group>"; };
		3742873E1EEFD986001CFF2F /* 08 Ascending.mp3 */ = {isa = PBXFileReference; lastKnownFileType = audio.mp3; path = "08 Ascending.mp3"; sourceTree = "<group>"; };
		3742873F1EEFD986001CFF2F /* 02 HHavok-main.mp3 */ = {isa = PBXFileReference; lastKnownFileType = audio.mp3; path = "02 HHavok-main.mp3"; sourceTree = "<group>"; };
		374287401EEFD986001CFF2F /* Prologue.mp3 */ = {isa = PBXFileReference; lastKnownFileType = audio.mp3; path = Prologue.mp3; sourceTree = "<group>"; };
		374287411EEFD986001CFF2F /* 03 Chibi Ninja.mp3 */ = {isa = PBXFileReference; lastKnownFileType = audio.mp3; path = "03 Chibi Ninja.mp3"; sourceTree = "<group>"; };
		374287421EEFD986001CFF2F /* 01 A Night Of Dizzy Spells.mp3 */ = {isa = PBXFileReference; lastKnownFileType = audio.mp3; path = "01 A Night Of Dizzy Spells.mp3"; sourceTree = "<group>"; };
		374287431EEFD986001CFF2F /* 10 Arpanauts.mp3 */ = {isa = PBXFileReference; lastKnownFileType = audio.mp3; path = "10 Arpanauts.mp3"; sourceTree = "<group>"; };
		374287441EEFD986001CFF2F /* invaderkilled.wav */ = {isa = PBXFileReference; lastKnownFileType = audio.wav; path = invaderkilled.wav; sourceTree = "<group>"; };
		374287451EEFD986001CFF2F /* shoot.wav */ = {isa = PBXFileReference; lastKnownFileType = audio.wav; path = shoot.wav; sourceTree = "<group>"; };
		374287461EEFD986001CFF2F /* explosion.wav */ = {isa = PBXFileReference; lastKnownFileType = audio.wav; path = explosion.wav; sourceTree = "<group>"; };
		374287521EEFD9C2001CFF2F /* AppDelegate.swift */ = {isa = PBXFileReference; fileEncoding = 4; lastKnownFileType = sourcecode.swift; path = AppDelegate.swift; sourceTree = "<group>"; };
		374287541EEFD9EF001CFF2F /*  GameViewController.swift */ = {isa = PBXFileReference; fileEncoding = 4; lastKnownFileType = sourcecode.swift; path = " GameViewController.swift"; sourceTree = "<group>"; };
		374287591EEFF107001CFF2F /* GameScene.sks */ = {isa = PBXFileReference; lastKnownFileType = file.sks; path = GameScene.sks; sourceTree = "<group>"; };
		3742875B1EEFF11B001CFF2F /* GameScene.swift */ = {isa = PBXFileReference; fileEncoding = 4; lastKnownFileType = sourcecode.swift; path = GameScene.swift; sourceTree = "<group>"; };
		374287601EEFF1E1001CFF2F /* SpaceInvadersClass.swift */ = {isa = PBXFileReference; fileEncoding = 4; lastKnownFileType = sourcecode.swift; path = SpaceInvadersClass.swift; sourceTree = "<group>"; };
		374287621EEFF216001CFF2F /* SpaceInvadersScene.sks */ = {isa = PBXFileReference; lastKnownFileType = file.sks; path = SpaceInvadersScene.sks; sourceTree = "<group>"; };
		374287651EEFF298001CFF2F /* BlockBreakerClass.swift */ = {isa = PBXFileReference; fileEncoding = 4; lastKnownFileType = sourcecode.swift; path = BlockBreakerClass.swift; sourceTree = "<group>"; };
		374287671EEFF2B5001CFF2F /* BlockBreakerScene.sks */ = {isa = PBXFileReference; lastKnownFileType = file.sks; path = BlockBreakerScene.sks; sourceTree = "<group>"; };
		3742876C1EEFF304001CFF2F /* NextLvlScene.sks */ = {isa = PBXFileReference; lastKnownFileType = file.sks; path = NextLvlScene.sks; sourceTree = "<group>"; };
		3742876E1EEFF31E001CFF2F /* NextLvlClass.swift */ = {isa = PBXFileReference; fileEncoding = 4; lastKnownFileType = sourcecode.swift; path = NextLvlClass.swift; sourceTree = "<group>"; };
		374287711EEFF363001CFF2F /* BlockBreakerGameOver.sks */ = {isa = PBXFileReference; lastKnownFileType = file.sks; path = BlockBreakerGameOver.sks; sourceTree = "<group>"; };
		374287731EEFF375001CFF2F /* BlockBreakerGameOver.swift */ = {isa = PBXFileReference; fileEncoding = 4; lastKnownFileType = sourcecode.swift; path = BlockBreakerGameOver.swift; sourceTree = "<group>"; };
		374287761EEFF3B3001CFF2F /* Ball.swift */ = {isa = PBXFileReference; fileEncoding = 4; lastKnownFileType = sourcecode.swift; path = Ball.swift; sourceTree = "<group>"; };
		374287791EEFF875001CFF2F /* Player.swift */ = {isa = PBXFileReference; fileEncoding = 4; lastKnownFileType = sourcecode.swift; path = Player.swift; sourceTree = "<group>"; };
		3742877C1EEFF8B5001CFF2F /* Enemy.swift */ = {isa = PBXFileReference; fileEncoding = 4; lastKnownFileType = sourcecode.swift; path = Enemy.swift; sourceTree = "<group>"; };
		374287801EEFF90E001CFF2F /* PongScene.sks */ = {isa = PBXFileReference; lastKnownFileType = file.sks; path = PongScene.sks; sourceTree = "<group>"; };
		374287821EEFF91E001CFF2F /* Pong.swift */ = {isa = PBXFileReference; fileEncoding = 4; lastKnownFileType = sourcecode.swift; path = Pong.swift; sourceTree = "<group>"; };
		374287851EEFF959001CFF2F /* PongMultiSingleSel.sks */ = {isa = PBXFileReference; lastKnownFileType = file.sks; path = PongMultiSingleSel.sks; sourceTree = "<group>"; };
		374287871EEFF96D001CFF2F /* PongMultiSingleSel.swift */ = {isa = PBXFileReference; fileEncoding = 4; lastKnownFileType = sourcecode.swift; path = PongMultiSingleSel.swift; sourceTree = "<group>"; };
		3742878A1EEFF99A001CFF2F /* EndGameLost.sks */ = {isa = PBXFileReference; lastKnownFileType = file.sks; path = EndGameLost.sks; sourceTree = "<group>"; };
		3742878C1EEFF9BB001CFF2F /* EndGame.swift */ = {isa = PBXFileReference; fileEncoding = 4; lastKnownFileType = sourcecode.swift; path = EndGame.swift; sourceTree = "<group>"; };
		3742878F1EEFF9EA001CFF2F /* WinningScene.sks */ = {isa = PBXFileReference; lastKnownFileType = file.sks; path = WinningScene.sks; sourceTree = "<group>"; };
		374287911EEFFA00001CFF2F /* WinningScene.swift */ = {isa = PBXFileReference; fileEncoding = 4; lastKnownFileType = sourcecode.swift; path = WinningScene.swift; sourceTree = "<group>"; };
		374287C61EF043E8001CFF2F /* LCDPHONE.TTF */ = {isa = PBXFileReference; lastKnownFileType = file; path = LCDPHONE.TTF; sourceTree = "<group>"; };
		375DE7D221A96C1500726665 /* GameCenterManager.swift */ = {isa = PBXFileReference; lastKnownFileType = sourcecode.swift; path = GameCenterManager.swift; sourceTree = "<group>"; };
		375DE7D421A96C3600726665 /* GameKit.framework */ = {isa = PBXFileReference; lastKnownFileType = wrapper.framework; name = GameKit.framework; path = System/Library/Frameworks/GameKit.framework; sourceTree = SDKROOT; };
		377F081D21A9C9AA005D1302 /* GoogleService-Info.plist */ = {isa = PBXFileReference; fileEncoding = 4; lastKnownFileType = text.plist.xml; path = "GoogleService-Info.plist"; sourceTree = "<group>"; };
		377F081F21A9D512005D1302 /* AskForRatingManager.swift */ = {isa = PBXFileReference; lastKnownFileType = sourcecode.swift; path = AskForRatingManager.swift; sourceTree = "<group>"; };
		7218E25DBA38C1F6190AFD5D /* Pods_RetroGameCollection.framework */ = {isa = PBXFileReference; explicitFileType = wrapper.framework; includeInIndex = 0; path = Pods_RetroGameCollection.framework; sourceTree = BUILT_PRODUCTS_DIR; };
		FE8AAB5F98DD5CE401C2282A /* Pods-RetroGameCollection.release.xcconfig */ = {isa = PBXFileReference; includeInIndex = 1; lastKnownFileType = text.xcconfig; name = "Pods-RetroGameCollection.release.xcconfig"; path = "Pods/Target Support Files/Pods-RetroGameCollection/Pods-RetroGameCollection.release.xcconfig"; sourceTree = "<group>"; };
/* End PBXFileReference section */

/* Begin PBXFrameworksBuildPhase section */
		374286AD1EEFD63E001CFF2F /* Frameworks */ = {
			isa = PBXFrameworksBuildPhase;
			buildActionMask = 2147483647;
			files = (
				62D2D3A68AA2718574E97BF0 /* Pods_RetroGameCollection.framework in Frameworks */,
				375DE7D521A96C3600726665 /* GameKit.framework in Frameworks */,
			);
			runOnlyForDeploymentPostprocessing = 0;
		};
/* End PBXFrameworksBuildPhase section */

/* Begin PBXGroup section */
		374286A71EEFD63E001CFF2F = {
			isa = PBXGroup;
			children = (
				374286B21EEFD63E001CFF2F /* RetroGameCollection */,
				374286B11EEFD63E001CFF2F /* Products */,
				69CFBD32E8C5D889EB949A29 /* Pods */,
				EAC9FF8B39AED77F6A694E61 /* Frameworks */,
			);
			sourceTree = "<group>";
		};
		374286B11EEFD63E001CFF2F /* Products */ = {
			isa = PBXGroup;
			children = (
				374286B01EEFD63E001CFF2F /* RetroGameCollection.app */,
			);
			name = Products;
			sourceTree = "<group>";
		};
		374286B21EEFD63E001CFF2F /* RetroGameCollection */ = {
			isa = PBXGroup;
			children = (
				374287561EEFF0CF001CFF2F /* Classes */,
				3742873A1EEFD951001CFF2F /* Font */,
				374286DA1EEFD8D6001CFF2F /* Main Menu */,
				374286D71EEFD89A001CFF2F /* Utilities */,
				374286CB1EEFD6DF001CFF2F /* Credits */,
				374286D21EEFD81A001CFF2F /* Settings */,
				374286C01EEFD63E001CFF2F /* Assets.xcassets */,
				374286C21EEFD63E001CFF2F /* LaunchScreen.storyboard */,
				3742873E1EEFD986001CFF2F /* 08 Ascending.mp3 */,
				3742873F1EEFD986001CFF2F /* 02 HHavok-main.mp3 */,
				374287401EEFD986001CFF2F /* Prologue.mp3 */,
				374287411EEFD986001CFF2F /* 03 Chibi Ninja.mp3 */,
				374287421EEFD986001CFF2F /* 01 A Night Of Dizzy Spells.mp3 */,
				374287431EEFD986001CFF2F /* 10 Arpanauts.mp3 */,
				374287441EEFD986001CFF2F /* invaderkilled.wav */,
				374287451EEFD986001CFF2F /* shoot.wav */,
				374287461EEFD986001CFF2F /* explosion.wav */,
				374286BD1EEFD63E001CFF2F /* Main.storyboard */,
				374286C51EEFD63E001CFF2F /* Info.plist */,
				377F081D21A9C9AA005D1302 /* GoogleService-Info.plist */,
				374287521EEFD9C2001CFF2F /* AppDelegate.swift */,
				374287541EEFD9EF001CFF2F /*  GameViewController.swift */,
				3705F020214E44D6006041DA /* LoadingScene.swift */,
			);
			path = RetroGameCollection;
			sourceTree = "<group>";
		};
		374286CB1EEFD6DF001CFF2F /* Credits */ = {
			isa = PBXGroup;
			children = (
				374286CC1EEFD78C001CFF2F /* Credits.swift */,
				374286CE1EEFD7B0001CFF2F /* Credits.sks */,
			);
			name = Credits;
			sourceTree = "<group>";
		};
		374286D21EEFD81A001CFF2F /* Settings */ = {
			isa = PBXGroup;
			children = (
				374286D31EEFD834001CFF2F /* Settings.swift */,
				374286D51EEFD861001CFF2F /* Settings.sks */,
			);
			name = Settings;
			sourceTree = "<group>";
		};
		374286D71EEFD89A001CFF2F /* Utilities */ = {
			isa = PBXGroup;
			children = (
				374286D81EEFD8B4001CFF2F /* Utilities.swift */,
				375DE7D221A96C1500726665 /* GameCenterManager.swift */,
				377F081F21A9D512005D1302 /* AskForRatingManager.swift */,
			);
			name = Utilities;
			sourceTree = "<group>";
		};
		374286DA1EEFD8D6001CFF2F /* Main Menu */ = {
			isa = PBXGroup;
			children = (
				374286DB1EEFD8F9001CFF2F /* MainMenu.swift */,
				374286DD1EEFD90D001CFF2F /* MainMenu.sks */,
			);
			name = "Main Menu";
			sourceTree = "<group>";
		};
		3742873A1EEFD951001CFF2F /* Font */ = {
			isa = PBXGroup;
			children = (
				374287C61EF043E8001CFF2F /* LCDPHONE.TTF */,
			);
			name = Font;
			sourceTree = "<group>";
		};
		374287561EEFF0CF001CFF2F /* Classes */ = {
			isa = PBXGroup;
			children = (
				3742877E1EEFF8DB001CFF2F /* PongSceneClass */,
				3742877B1EEFF8A1001CFF2F /* ClassEnemy */,
				374287781EEFF3CA001CFF2F /* PlayerClass */,
				374287751EEFF39D001CFF2F /* Ball Class */,
				374287641EEFF273001CFF2F /* BlovkBreakerScene&Class */,
				3742875D1EEFF1A0001CFF2F /* SpaceInvaders */,
				374287571EEFF0E6001CFF2F /* Snake */,
			);
			name = Classes;
			sourceTree = "<group>";
		};
		374287571EEFF0E6001CFF2F /* Snake */ = {
			isa = PBXGroup;
			children = (
				374287581EEFF0F1001CFF2F /* Snake Class and Scene */,
			);
			name = Snake;
			sourceTree = "<group>";
		};
		374287581EEFF0F1001CFF2F /* Snake Class and Scene */ = {
			isa = PBXGroup;
			children = (
				374287591EEFF107001CFF2F /* GameScene.sks */,
				3742875B1EEFF11B001CFF2F /* GameScene.swift */,
			);
			name = "Snake Class and Scene";
			sourceTree = "<group>";
		};
		3742875D1EEFF1A0001CFF2F /* SpaceInvaders */ = {
			isa = PBXGroup;
			children = (
				3742875E1EEFF1B0001CFF2F /* Scene&Class */,
			);
			name = SpaceInvaders;
			sourceTree = "<group>";
		};
		3742875E1EEFF1B0001CFF2F /* Scene&Class */ = {
			isa = PBXGroup;
			children = (
				374287601EEFF1E1001CFF2F /* SpaceInvadersClass.swift */,
				374287621EEFF216001CFF2F /* SpaceInvadersScene.sks */,
			);
			name = "Scene&Class";
			sourceTree = "<group>";
		};
		374287641EEFF273001CFF2F /* BlovkBreakerScene&Class */ = {
			isa = PBXGroup;
			children = (
				374287691EEFF2CF001CFF2F /* EndGameScene */,
				374287651EEFF298001CFF2F /* BlockBreakerClass.swift */,
				374287671EEFF2B5001CFF2F /* BlockBreakerScene.sks */,
			);
			name = "BlovkBreakerScene&Class";
			sourceTree = "<group>";
		};
		374287691EEFF2CF001CFF2F /* EndGameScene */ = {
			isa = PBXGroup;
			children = (
				3742876A1EEFF2DC001CFF2F /* BlockBreaker */,
			);
			name = EndGameScene;
			sourceTree = "<group>";
		};
		3742876A1EEFF2DC001CFF2F /* BlockBreaker */ = {
			isa = PBXGroup;
			children = (
				374287701EEFF352001CFF2F /* GameOverScene */,
				3742876B1EEFF2EE001CFF2F /* NextLvlScene */,
			);
			name = BlockBreaker;
			sourceTree = "<group>";
		};
		3742876B1EEFF2EE001CFF2F /* NextLvlScene */ = {
			isa = PBXGroup;
			children = (
				3742876C1EEFF304001CFF2F /* NextLvlScene.sks */,
				3742876E1EEFF31E001CFF2F /* NextLvlClass.swift */,
			);
			name = NextLvlScene;
			sourceTree = "<group>";
		};
		374287701EEFF352001CFF2F /* GameOverScene */ = {
			isa = PBXGroup;
			children = (
				374287711EEFF363001CFF2F /* BlockBreakerGameOver.sks */,
				374287731EEFF375001CFF2F /* BlockBreakerGameOver.swift */,
			);
			name = GameOverScene;
			sourceTree = "<group>";
		};
		374287751EEFF39D001CFF2F /* Ball Class */ = {
			isa = PBXGroup;
			children = (
				374287761EEFF3B3001CFF2F /* Ball.swift */,
			);
			name = "Ball Class";
			sourceTree = "<group>";
		};
		374287781EEFF3CA001CFF2F /* PlayerClass */ = {
			isa = PBXGroup;
			children = (
				374287791EEFF875001CFF2F /* Player.swift */,
			);
			name = PlayerClass;
			sourceTree = "<group>";
		};
		3742877B1EEFF8A1001CFF2F /* ClassEnemy */ = {
			isa = PBXGroup;
			children = (
				3742877C1EEFF8B5001CFF2F /* Enemy.swift */,
			);
			name = ClassEnemy;
			sourceTree = "<group>";
		};
		3742877E1EEFF8DB001CFF2F /* PongSceneClass */ = {
			isa = PBXGroup;
			children = (
				374287821EEFF91E001CFF2F /* Pong.swift */,
				374287801EEFF90E001CFF2F /* PongScene.sks */,
				3742877F1EEFF8F5001CFF2F /* Pong */,
			);
			name = PongSceneClass;
			sourceTree = "<group>";
		};
		3742877F1EEFF8F5001CFF2F /* Pong */ = {
			isa = PBXGroup;
			children = (
				3742878E1EEFF9D5001CFF2F /* WiningScene Pong */,
				374287891EEFF984001CFF2F /* GameOver Pong */,
				374287841EEFF948001CFF2F /* PongSingleMultiMenu */,
			);
			name = Pong;
			sourceTree = "<group>";
		};
		374287841EEFF948001CFF2F /* PongSingleMultiMenu */ = {
			isa = PBXGroup;
			children = (
				374287851EEFF959001CFF2F /* PongMultiSingleSel.sks */,
				374287871EEFF96D001CFF2F /* PongMultiSingleSel.swift */,
			);
			name = PongSingleMultiMenu;
			sourceTree = "<group>";
		};
		374287891EEFF984001CFF2F /* GameOver Pong */ = {
			isa = PBXGroup;
			children = (
				3742878A1EEFF99A001CFF2F /* EndGameLost.sks */,
				3742878C1EEFF9BB001CFF2F /* EndGame.swift */,
			);
			name = "GameOver Pong";
			sourceTree = "<group>";
		};
		3742878E1EEFF9D5001CFF2F /* WiningScene Pong */ = {
			isa = PBXGroup;
			children = (
				3742878F1EEFF9EA001CFF2F /* WinningScene.sks */,
				374287911EEFFA00001CFF2F /* WinningScene.swift */,
			);
			name = "WiningScene Pong";
			sourceTree = "<group>";
		};
		69CFBD32E8C5D889EB949A29 /* Pods */ = {
			isa = PBXGroup;
			children = (
				2D5EF6C39C62BE1E42B711C0 /* Pods-RetroGameCollection.debug.xcconfig */,
				FE8AAB5F98DD5CE401C2282A /* Pods-RetroGameCollection.release.xcconfig */,
			);
			name = Pods;
			sourceTree = "<group>";
		};
		EAC9FF8B39AED77F6A694E61 /* Frameworks */ = {
			isa = PBXGroup;
			children = (
				375DE7D421A96C3600726665 /* GameKit.framework */,
				7218E25DBA38C1F6190AFD5D /* Pods_RetroGameCollection.framework */,
			);
			name = Frameworks;
			sourceTree = "<group>";
		};
/* End PBXGroup section */

/* Begin PBXNativeTarget section */
		374286AF1EEFD63E001CFF2F /* RetroGameCollection */ = {
			isa = PBXNativeTarget;
			buildConfigurationList = 374286C81EEFD63E001CFF2F /* Build configuration list for PBXNativeTarget "RetroGameCollection" */;
			buildPhases = (
				F67ABA454906AE7C11581A51 /* [CP] Check Pods Manifest.lock */,
				374286AC1EEFD63E001CFF2F /* Sources */,
				374286AD1EEFD63E001CFF2F /* Frameworks */,
				374286AE1EEFD63E001CFF2F /* Resources */,
				374287BB1EEFFAFB001CFF2F /* Embed Watch Content */,
				3705F01F214E3E28006041DA /* ShellScript */,
				BBAB32770CE4AE62B1A4E38D /* [CP] Embed Pods Frameworks */,
			);
			buildRules = (
			);
			dependencies = (
			);
			name = RetroGameCollection;
			productName = RetroGameCollection;
			productReference = 374286B01EEFD63E001CFF2F /* RetroGameCollection.app */;
			productType = "com.apple.product-type.application";
		};
/* End PBXNativeTarget section */

/* Begin PBXProject section */
		374286A81EEFD63E001CFF2F /* Project object */ = {
			isa = PBXProject;
			attributes = {
				LastSwiftUpdateCheck = 0830;
				LastUpgradeCheck = 0830;
				ORGANIZATIONNAME = "Michal Lučanský";
				TargetAttributes = {
					374286AF1EEFD63E001CFF2F = {
						CreatedOnToolsVersion = 8.3.2;
						DevelopmentTeam = A9YN63GW95;
						LastSwiftMigration = 0830;
						ProvisioningStyle = Manual;
						SystemCapabilities = {
							com.apple.GameCenter.iOS = {
								enabled = 1;
							};
						};
					};
				};
			};
			buildConfigurationList = 374286AB1EEFD63E001CFF2F /* Build configuration list for PBXProject "RetroGameCollection" */;
			compatibilityVersion = "Xcode 3.2";
			developmentRegion = English;
			hasScannedForEncodings = 0;
			knownRegions = (
				en,
				Base,
			);
			mainGroup = 374286A71EEFD63E001CFF2F;
			productRefGroup = 374286B11EEFD63E001CFF2F /* Products */;
			projectDirPath = "";
			projectRoot = "";
			targets = (
				374286AF1EEFD63E001CFF2F /* RetroGameCollection */,
			);
		};
/* End PBXProject section */

/* Begin PBXResourcesBuildPhase section */
		374286AE1EEFD63E001CFF2F /* Resources */ = {
			isa = PBXResourcesBuildPhase;
			buildActionMask = 2147483647;
			files = (
				3742876D1EEFF304001CFF2F /* NextLvlScene.sks in Resources */,
				374287811EEFF90E001CFF2F /* PongScene.sks in Resources */,
				374287861EEFF959001CFF2F /* PongMultiSingleSel.sks in Resources */,
				374287511EEFD986001CFF2F /* explosion.wav in Resources */,
				374286CF1EEFD7B0001CFF2F /* Credits.sks in Resources */,
				377F081E21A9C9AB005D1302 /* GoogleService-Info.plist in Resources */,
				374286DE1EEFD90D001CFF2F /* MainMenu.sks in Resources */,
				3742878B1EEFF99A001CFF2F /* EndGameLost.sks in Resources */,
				374287681EEFF2B5001CFF2F /* BlockBreakerScene.sks in Resources */,
				374287501EEFD986001CFF2F /* shoot.wav in Resources */,
				3742875A1EEFF107001CFF2F /* GameScene.sks in Resources */,
				374286D61EEFD861001CFF2F /* Settings.sks in Resources */,
				374287721EEFF363001CFF2F /* BlockBreakerGameOver.sks in Resources */,
				374286BF1EEFD63E001CFF2F /* Main.storyboard in Resources */,
				374286C11EEFD63E001CFF2F /* Assets.xcassets in Resources */,
				3742874A1EEFD986001CFF2F /* 02 HHavok-main.mp3 in Resources */,
				374287901EEFF9EA001CFF2F /* WinningScene.sks in Resources */,
				3742874B1EEFD986001CFF2F /* Prologue.mp3 in Resources */,
				374286C41EEFD63E001CFF2F /* LaunchScreen.storyboard in Resources */,
				3742874D1EEFD986001CFF2F /* 01 A Night Of Dizzy Spells.mp3 in Resources */,
				3742874F1EEFD986001CFF2F /* invaderkilled.wav in Resources */,
				3742874C1EEFD986001CFF2F /* 03 Chibi Ninja.mp3 in Resources */,
				374287631EEFF216001CFF2F /* SpaceInvadersScene.sks in Resources */,
				3742874E1EEFD986001CFF2F /* 10 Arpanauts.mp3 in Resources */,
				374287C71EF043E8001CFF2F /* LCDPHONE.TTF in Resources */,
				374287491EEFD986001CFF2F /* 08 Ascending.mp3 in Resources */,
			);
			runOnlyForDeploymentPostprocessing = 0;
		};
/* End PBXResourcesBuildPhase section */

/* Begin PBXShellScriptBuildPhase section */
		3705F01F214E3E28006041DA /* ShellScript */ = {
			isa = PBXShellScriptBuildPhase;
			buildActionMask = 2147483647;
			files = (
			);
			inputPaths = (
			);
			outputPaths = (
			);
			runOnlyForDeploymentPostprocessing = 0;
			shellPath = /bin/sh;
			shellScript = "\"${PODS_ROOT}/Fabric/run\" 00c9fd22a319ef43965daa28226fabc6401b160c a2c38b1b573b9e4cd82ef2416cd30410eb3bfbebd147740fad21529226282a82";
		};
		BBAB32770CE4AE62B1A4E38D /* [CP] Embed Pods Frameworks */ = {
			isa = PBXShellScriptBuildPhase;
			buildActionMask = 2147483647;
			files = (
			);
			inputFileListPaths = (
			);
			inputPaths = (
				"${SRCROOT}/Pods/Target Support Files/Pods-RetroGameCollection/Pods-RetroGameCollection-frameworks.sh",
				"${BUILT_PRODUCTS_DIR}/GoogleUtilities/GoogleUtilities.framework",
				"${BUILT_PRODUCTS_DIR}/nanopb/nanopb.framework",
			);
			name = "[CP] Embed Pods Frameworks";
			outputFileListPaths = (
			);
			outputPaths = (
				"${TARGET_BUILD_DIR}/${FRAMEWORKS_FOLDER_PATH}/GoogleUtilities.framework",
				"${TARGET_BUILD_DIR}/${FRAMEWORKS_FOLDER_PATH}/nanopb.framework",
			);
			runOnlyForDeploymentPostprocessing = 0;
			shellPath = /bin/sh;
			shellScript = "\"${SRCROOT}/Pods/Target Support Files/Pods-RetroGameCollection/Pods-RetroGameCollection-frameworks.sh\"\n";
			showEnvVarsInLog = 0;
		};
		F67ABA454906AE7C11581A51 /* [CP] Check Pods Manifest.lock */ = {
			isa = PBXShellScriptBuildPhase;
			buildActionMask = 2147483647;
			files = (
			);
			inputPaths = (
				"${PODS_PODFILE_DIR_PATH}/Podfile.lock",
				"${PODS_ROOT}/Manifest.lock",
			);
			name = "[CP] Check Pods Manifest.lock";
			outputPaths = (
				"$(DERIVED_FILE_DIR)/Pods-RetroGameCollection-checkManifestLockResult.txt",
			);
			runOnlyForDeploymentPostprocessing = 0;
			shellPath = /bin/sh;
			shellScript = "diff \"${PODS_PODFILE_DIR_PATH}/Podfile.lock\" \"${PODS_ROOT}/Manifest.lock\" > /dev/null\nif [ $? != 0 ] ; then\n    # print error to STDERR\n    echo \"error: The sandbox is not in sync with the Podfile.lock. Run 'pod install' or update your CocoaPods installation.\" >&2\n    exit 1\nfi\n# This output is used by Xcode 'outputs' to avoid re-running this script phase.\necho \"SUCCESS\" > \"${SCRIPT_OUTPUT_FILE_0}\"\n";
			showEnvVarsInLog = 0;
		};
/* End PBXShellScriptBuildPhase section */

/* Begin PBXSourcesBuildPhase section */
		374286AC1EEFD63E001CFF2F /* Sources */ = {
			isa = PBXSourcesBuildPhase;
			buildActionMask = 2147483647;
			files = (
				3742877D1EEFF8B5001CFF2F /* Enemy.swift in Sources */,
				374287771EEFF3B3001CFF2F /* Ball.swift in Sources */,
				374286D91EEFD8B4001CFF2F /* Utilities.swift in Sources */,
				374287661EEFF298001CFF2F /* BlockBreakerClass.swift in Sources */,
				374287611EEFF1E1001CFF2F /* SpaceInvadersClass.swift in Sources */,
				374287921EEFFA00001CFF2F /* WinningScene.swift in Sources */,
				374286D41EEFD834001CFF2F /* Settings.swift in Sources */,
				3742877A1EEFF875001CFF2F /* Player.swift in Sources */,
				375DE7D321A96C1500726665 /* GameCenterManager.swift in Sources */,
				374286CD1EEFD78C001CFF2F /* Credits.swift in Sources */,
				374287881EEFF96D001CFF2F /* PongMultiSingleSel.swift in Sources */,
				374287551EEFD9EF001CFF2F /*  GameViewController.swift in Sources */,
				374287831EEFF91E001CFF2F /* Pong.swift in Sources */,
				3742878D1EEFF9BB001CFF2F /* EndGame.swift in Sources */,
				374287531EEFD9C2001CFF2F /* AppDelegate.swift in Sources */,
				374287741EEFF375001CFF2F /* BlockBreakerGameOver.swift in Sources */,
				3705F021214E44D6006041DA /* LoadingScene.swift in Sources */,
				377F082021A9D512005D1302 /* AskForRatingManager.swift in Sources */,
				3742875C1EEFF11B001CFF2F /* GameScene.swift in Sources */,
				3742876F1EEFF31E001CFF2F /* NextLvlClass.swift in Sources */,
				374286DC1EEFD8F9001CFF2F /* MainMenu.swift in Sources */,
			);
			runOnlyForDeploymentPostprocessing = 0;
		};
/* End PBXSourcesBuildPhase section */

/* Begin PBXVariantGroup section */
		374286BD1EEFD63E001CFF2F /* Main.storyboard */ = {
			isa = PBXVariantGroup;
			children = (
				374286BE1EEFD63E001CFF2F /* Base */,
			);
			name = Main.storyboard;
			sourceTree = "<group>";
		};
		374286C21EEFD63E001CFF2F /* LaunchScreen.storyboard */ = {
			isa = PBXVariantGroup;
			children = (
				374286C31EEFD63E001CFF2F /* Base */,
			);
			name = LaunchScreen.storyboard;
			sourceTree = "<group>";
		};
/* End PBXVariantGroup section */

/* Begin XCBuildConfiguration section */
		374286C61EEFD63E001CFF2F /* Debug */ = {
			isa = XCBuildConfiguration;
			buildSettings = {
				ALWAYS_SEARCH_USER_PATHS = NO;
				CLANG_ANALYZER_NONNULL = YES;
				CLANG_ANALYZER_NUMBER_OBJECT_CONVERSION = YES_AGGRESSIVE;
				CLANG_CXX_LANGUAGE_STANDARD = "gnu++0x";
				CLANG_CXX_LIBRARY = "libc++";
				CLANG_ENABLE_MODULES = YES;
				CLANG_ENABLE_OBJC_ARC = YES;
				CLANG_WARN_BOOL_CONVERSION = YES;
				CLANG_WARN_CONSTANT_CONVERSION = YES;
				CLANG_WARN_DIRECT_OBJC_ISA_USAGE = YES_ERROR;
				CLANG_WARN_DOCUMENTATION_COMMENTS = YES;
				CLANG_WARN_EMPTY_BODY = YES;
				CLANG_WARN_ENUM_CONVERSION = YES;
				CLANG_WARN_INFINITE_RECURSION = YES;
				CLANG_WARN_INT_CONVERSION = YES;
				CLANG_WARN_OBJC_ROOT_CLASS = YES_ERROR;
				CLANG_WARN_SUSPICIOUS_MOVE = YES;
				CLANG_WARN_UNREACHABLE_CODE = YES;
				CLANG_WARN__DUPLICATE_METHOD_MATCH = YES;
				"CODE_SIGN_IDENTITY[sdk=iphoneos*]" = "iPhone Developer";
				COPY_PHASE_STRIP = NO;
				DEBUG_INFORMATION_FORMAT = dwarf;
				ENABLE_STRICT_OBJC_MSGSEND = YES;
				ENABLE_TESTABILITY = YES;
				GCC_C_LANGUAGE_STANDARD = gnu99;
				GCC_DYNAMIC_NO_PIC = NO;
				GCC_NO_COMMON_BLOCKS = YES;
				GCC_OPTIMIZATION_LEVEL = 0;
				GCC_PREPROCESSOR_DEFINITIONS = (
					"DEBUG=1",
					"$(inherited)",
				);
				GCC_WARN_64_TO_32_BIT_CONVERSION = YES;
				GCC_WARN_ABOUT_RETURN_TYPE = YES_ERROR;
				GCC_WARN_UNDECLARED_SELECTOR = YES;
				GCC_WARN_UNINITIALIZED_AUTOS = YES_AGGRESSIVE;
				GCC_WARN_UNUSED_FUNCTION = YES;
				GCC_WARN_UNUSED_VARIABLE = YES;
				IPHONEOS_DEPLOYMENT_TARGET = 10.3;
				MTL_ENABLE_DEBUG_INFO = YES;
				ONLY_ACTIVE_ARCH = YES;
				SDKROOT = iphoneos;
				SWIFT_ACTIVE_COMPILATION_CONDITIONS = DEBUG;
				SWIFT_OPTIMIZATION_LEVEL = "-Onone";
			};
			name = Debug;
		};
		374286C71EEFD63E001CFF2F /* Release */ = {
			isa = XCBuildConfiguration;
			buildSettings = {
				ALWAYS_SEARCH_USER_PATHS = NO;
				CLANG_ANALYZER_NONNULL = YES;
				CLANG_ANALYZER_NUMBER_OBJECT_CONVERSION = YES_AGGRESSIVE;
				CLANG_CXX_LANGUAGE_STANDARD = "gnu++0x";
				CLANG_CXX_LIBRARY = "libc++";
				CLANG_ENABLE_MODULES = YES;
				CLANG_ENABLE_OBJC_ARC = YES;
				CLANG_WARN_BOOL_CONVERSION = YES;
				CLANG_WARN_CONSTANT_CONVERSION = YES;
				CLANG_WARN_DIRECT_OBJC_ISA_USAGE = YES_ERROR;
				CLANG_WARN_DOCUMENTATION_COMMENTS = YES;
				CLANG_WARN_EMPTY_BODY = YES;
				CLANG_WARN_ENUM_CONVERSION = YES;
				CLANG_WARN_INFINITE_RECURSION = YES;
				CLANG_WARN_INT_CONVERSION = YES;
				CLANG_WARN_OBJC_ROOT_CLASS = YES_ERROR;
				CLANG_WARN_SUSPICIOUS_MOVE = YES;
				CLANG_WARN_UNREACHABLE_CODE = YES;
				CLANG_WARN__DUPLICATE_METHOD_MATCH = YES;
				"CODE_SIGN_IDENTITY[sdk=iphoneos*]" = "iPhone Developer";
				COPY_PHASE_STRIP = NO;
				DEBUG_INFORMATION_FORMAT = "dwarf-with-dsym";
				ENABLE_NS_ASSERTIONS = NO;
				ENABLE_STRICT_OBJC_MSGSEND = YES;
				GCC_C_LANGUAGE_STANDARD = gnu99;
				GCC_NO_COMMON_BLOCKS = YES;
				GCC_WARN_64_TO_32_BIT_CONVERSION = YES;
				GCC_WARN_ABOUT_RETURN_TYPE = YES_ERROR;
				GCC_WARN_UNDECLARED_SELECTOR = YES;
				GCC_WARN_UNINITIALIZED_AUTOS = YES_AGGRESSIVE;
				GCC_WARN_UNUSED_FUNCTION = YES;
				GCC_WARN_UNUSED_VARIABLE = YES;
				IPHONEOS_DEPLOYMENT_TARGET = 10.3;
				MTL_ENABLE_DEBUG_INFO = NO;
				SDKROOT = iphoneos;
				SWIFT_OPTIMIZATION_LEVEL = "-Owholemodule";
				VALIDATE_PRODUCT = YES;
			};
			name = Release;
		};
		374286C91EEFD63E001CFF2F /* Debug */ = {
			isa = XCBuildConfiguration;
			baseConfigurationReference = 2D5EF6C39C62BE1E42B711C0 /* Pods-RetroGameCollection.debug.xcconfig */;
			buildSettings = {
				ASSETCATALOG_COMPILER_APPICON_NAME = AppIcon;
				CLANG_ENABLE_MODULES = YES;
				CODE_SIGN_IDENTITY = "iPhone Developer";
				CODE_SIGN_STYLE = Manual;
				DEBUG_INFORMATION_FORMAT = "dwarf-with-dsym";
				DEVELOPMENT_TEAM = A9YN63GW95;
				INFOPLIST_FILE = RetroGameCollection/Info.plist;
				LD_RUNPATH_SEARCH_PATHS = "$(inherited) @executable_path/Frameworks";
				PRODUCT_BUNDLE_IDENTIFIER = sk.michal.lucansky.RetroGameCollection;
				PRODUCT_NAME = "$(TARGET_NAME)";
				PROVISIONING_PROFILE = "a14fee3b-f550-4d06-8400-df505b710a96";
				PROVISIONING_PROFILE_SPECIFIER = RetroDev;
				SWIFT_OPTIMIZATION_LEVEL = "-Onone";
				SWIFT_VERSION = 3.0;
				TARGETED_DEVICE_FAMILY = "1,2";
			};
			name = Debug;
		};
		374286CA1EEFD63E001CFF2F /* Release */ = {
			isa = XCBuildConfiguration;
			baseConfigurationReference = FE8AAB5F98DD5CE401C2282A /* Pods-RetroGameCollection.release.xcconfig */;
			buildSettings = {
				ASSETCATALOG_COMPILER_APPICON_NAME = AppIcon;
				CLANG_ENABLE_MODULES = YES;
				CODE_SIGN_IDENTITY = "iPhone Distribution";
				CODE_SIGN_STYLE = Manual;
				DEVELOPMENT_TEAM = A9YN63GW95;
				INFOPLIST_FILE = RetroGameCollection/Info.plist;
				LD_RUNPATH_SEARCH_PATHS = "$(inherited) @executable_path/Frameworks";
				PRODUCT_BUNDLE_IDENTIFIER = sk.michal.lucansky.RetroGameCollection;
				PRODUCT_NAME = "$(TARGET_NAME)";
				PROVISIONING_PROFILE = "a14fee3b-f550-4d06-8400-df505b710a96";
				PROVISIONING_PROFILE_SPECIFIER = "Retro Games";
				SWIFT_VERSION = 3.0;
				TARGETED_DEVICE_FAMILY = "1,2";
			};
			name = Release;
		};
/* End XCBuildConfiguration section */

/* Begin XCConfigurationList section */
		374286AB1EEFD63E001CFF2F /* Build configuration list for PBXProject "RetroGameCollection" */ = {
			isa = XCConfigurationList;
			buildConfigurations = (
				374286C61EEFD63E001CFF2F /* Debug */,
				374286C71EEFD63E001CFF2F /* Release */,
			);
			defaultConfigurationIsVisible = 0;
			defaultConfigurationName = Release;
		};
		374286C81EEFD63E001CFF2F /* Build configuration list for PBXNativeTarget "RetroGameCollection" */ = {
			isa = XCConfigurationList;
			buildConfigurations = (
				374286C91EEFD63E001CFF2F /* Debug */,
				374286CA1EEFD63E001CFF2F /* Release */,
			);
			defaultConfigurationIsVisible = 0;
			defaultConfigurationName = Release;
		};
/* End XCConfigurationList section */
	};
	rootObject = 374286A81EEFD63E001CFF2F /* Project object */;
}
